
Microsoft Visual Studio Solution File, Format Version 12.00
# Visual Studio Version 17
VisualStudioVersion = 17.8.34408.163
MinimumVisualStudioVersion = 10.0.40219.1
Project("{9A19103F-16F7-4668-BE54-9A1E7A4F7556}") = "JelmiTest", "JelmiTest.csproj", "{25782EF1-3EA9-4BF3-843A-380BD6D0EFB8}"
EndProject
Project("{2150E333-8FDC-42A3-9474-1A3956D46DE8}") = "0.Infrastructure", "0.Infrastructure", "{BC2F8717-138F-4B82-8733-B72427AC6225}"
EndProject
Project("{2150E333-8FDC-42A3-9474-1A3956D46DE8}") = "1.DataAcces", "1.DataAcces", "{5F6D71C0-621D-49DA-B37E-0BCBAA22BA32}"
EndProject
Project("{2150E333-8FDC-42A3-9474-1A3956D46DE8}") = "2.Domain", "2.Domain", "{B3B93551-73BD-472C-A813-9E2A7EB50E4D}"
EndProject
Project("{2150E333-8FDC-42A3-9474-1A3956D46DE8}") = "3.Application", "3.Application", "{61775EE2-DE21-4DA6-8E4E-43AAF4E987C7}"
EndProject
Project("{2150E333-8FDC-42A3-9474-1A3956D46DE8}") = "4.Test", "4.Test", "{B3C138B6-461D-4311-8309-80FC89AEC373}"
EndProject
Project("{9A19103F-16F7-4668-BE54-9A1E7A4F7556}") = "Domain", "..\Domain\Domain.csproj", "{9C929C7E-22B2-43BB-8378-FEDD656AD9DA}"
EndProject
Project("{9A19103F-16F7-4668-BE54-9A1E7A4F7556}") = "Domain.DTO", "..\Domain.DTO\Domain.DTO.csproj", "{38599E0B-C5AA-4E9D-905B-2C1F5A25E3CA}"
EndProject
Project("{9A19103F-16F7-4668-BE54-9A1E7A4F7556}") = "DataAcces", "..\DataAcces\DataAcces.csproj", "{5B022C0D-0114-4783-8069-45FD9FC79ABC}"
EndProject
Project("{9A19103F-16F7-4668-BE54-9A1E7A4F7556}") = "Common", "..\Common\Common.csproj", "{B27317CC-93FC-4102-A219-DA892AF8BAFC}"
EndProject
Project("{9A19103F-16F7-4668-BE54-9A1E7A4F7556}") = "Test", "..\Test\Test.csproj", "{0D2D572A-B307-4917-B36B-8A057C95943C}"
EndProject
Project("{FAE04EC0-301F-11D3-BF4B-00C04F79EFBC}") = "ServiceCollection", "..\ServiceCollection\ServiceCollection.csproj", "{96FCAB57-89E9-4BC6-BA7B-B1890D317F45}"
EndProject
Project("{FAE04EC0-301F-11D3-BF4B-00C04F79EFBC}") = "Mapping", "..\Mapping\Mapping.csproj", "{58AD9657-0A50-4D64-BE53-DB7612C7E4A9}"
EndProject
Global
	GlobalSection(SolutionConfigurationPlatforms) = preSolution
		Debug|Any CPU = Debug|Any CPU
		Release|Any CPU = Release|Any CPU
	EndGlobalSection
	GlobalSection(ProjectConfigurationPlatforms) = postSolution
		{25782EF1-3EA9-4BF3-843A-380BD6D0EFB8}.Debug|Any CPU.ActiveCfg = Debug|Any CPU
		{25782EF1-3EA9-4BF3-843A-380BD6D0EFB8}.Debug|Any CPU.Build.0 = Debug|Any CPU
		{25782EF1-3EA9-4BF3-843A-380BD6D0EFB8}.Release|Any CPU.ActiveCfg = Release|Any CPU
		{25782EF1-3EA9-4BF3-843A-380BD6D0EFB8}.Release|Any CPU.Build.0 = Release|Any CPU
		{9C929C7E-22B2-43BB-8378-FEDD656AD9DA}.Debug|Any CPU.ActiveCfg = Debug|Any CPU
		{9C929C7E-22B2-43BB-8378-FEDD656AD9DA}.Debug|Any CPU.Build.0 = Debug|Any CPU
		{9C929C7E-22B2-43BB-8378-FEDD656AD9DA}.Release|Any CPU.ActiveCfg = Release|Any CPU
		{9C929C7E-22B2-43BB-8378-FEDD656AD9DA}.Release|Any CPU.Build.0 = Release|Any CPU
		{38599E0B-C5AA-4E9D-905B-2C1F5A25E3CA}.Debug|Any CPU.ActiveCfg = Debug|Any CPU
		{38599E0B-C5AA-4E9D-905B-2C1F5A25E3CA}.Debug|Any CPU.Build.0 = Debug|Any CPU
		{38599E0B-C5AA-4E9D-905B-2C1F5A25E3CA}.Release|Any CPU.ActiveCfg = Release|Any CPU
		{38599E0B-C5AA-4E9D-905B-2C1F5A25E3CA}.Release|Any CPU.Build.0 = Release|Any CPU
		{5B022C0D-0114-4783-8069-45FD9FC79ABC}.Debug|Any CPU.ActiveCfg = Debug|Any CPU
		{5B022C0D-0114-4783-8069-45FD9FC79ABC}.Debug|Any CPU.Build.0 = Debug|Any CPU
		{5B022C0D-0114-4783-8069-45FD9FC79ABC}.Release|Any CPU.ActiveCfg = Release|Any CPU
		{5B022C0D-0114-4783-8069-45FD9FC79ABC}.Release|Any CPU.Build.0 = Release|Any CPU
		{B27317CC-93FC-4102-A219-DA892AF8BAFC}.Debug|Any CPU.ActiveCfg = Debug|Any CPU
		{B27317CC-93FC-4102-A219-DA892AF8BAFC}.Debug|Any CPU.Build.0 = Debug|Any CPU
		{B27317CC-93FC-4102-A219-DA892AF8BAFC}.Release|Any CPU.ActiveCfg = Release|Any CPU
		{B27317CC-93FC-4102-A219-DA892AF8BAFC}.Release|Any CPU.Build.0 = Release|Any CPU
		{0D2D572A-B307-4917-B36B-8A057C95943C}.Debug|Any CPU.ActiveCfg = Debug|Any CPU
		{0D2D572A-B307-4917-B36B-8A057C95943C}.Debug|Any CPU.Build.0 = Debug|Any CPU
		{0D2D572A-B307-4917-B36B-8A057C95943C}.Release|Any CPU.ActiveCfg = Release|Any CPU
		{0D2D572A-B307-4917-B36B-8A057C95943C}.Release|Any CPU.Build.0 = Release|Any CPU
		{96FCAB57-89E9-4BC6-BA7B-B1890D317F45}.Debug|Any CPU.ActiveCfg = Debug|Any CPU
		{96FCAB57-89E9-4BC6-BA7B-B1890D317F45}.Debug|Any CPU.Build.0 = Debug|Any CPU
		{96FCAB57-89E9-4BC6-BA7B-B1890D317F45}.Release|Any CPU.ActiveCfg = Release|Any CPU
		{96FCAB57-89E9-4BC6-BA7B-B1890D317F45}.Release|Any CPU.Build.0 = Release|Any CPU
		{58AD9657-0A50-4D64-BE53-DB7612C7E4A9}.Debug|Any CPU.ActiveCfg = Debug|Any CPU
		{58AD9657-0A50-4D64-BE53-DB7612C7E4A9}.Debug|Any CPU.Build.0 = Debug|Any CPU
		{58AD9657-0A50-4D64-BE53-DB7612C7E4A9}.Release|Any CPU.ActiveCfg = Release|Any CPU
		{58AD9657-0A50-4D64-BE53-DB7612C7E4A9}.Release|Any CPU.Build.0 = Release|Any CPU
	EndGlobalSection
	GlobalSection(SolutionProperties) = preSolution
		HideSolutionNode = FALSE
	EndGlobalSection
	GlobalSection(NestedProjects) = preSolution
		{25782EF1-3EA9-4BF3-843A-380BD6D0EFB8} = {61775EE2-DE21-4DA6-8E4E-43AAF4E987C7}
		{9C929C7E-22B2-43BB-8378-FEDD656AD9DA} = {B3B93551-73BD-472C-A813-9E2A7EB50E4D}
		{38599E0B-C5AA-4E9D-905B-2C1F5A25E3CA} = {B3B93551-73BD-472C-A813-9E2A7EB50E4D}
		{5B022C0D-0114-4783-8069-45FD9FC79ABC} = {5F6D71C0-621D-49DA-B37E-0BCBAA22BA32}
		{B27317CC-93FC-4102-A219-DA892AF8BAFC} = {BC2F8717-138F-4B82-8733-B72427AC6225}
		{0D2D572A-B307-4917-B36B-8A057C95943C} = {B3C138B6-461D-4311-8309-80FC89AEC373}
		{96FCAB57-89E9-4BC6-BA7B-B1890D317F45} = {BC2F8717-138F-4B82-8733-B72427AC6225}
		{58AD9657-0A50-4D64-BE53-DB7612C7E4A9} = {BC2F8717-138F-4B82-8733-B72427AC6225}
	EndGlobalSection
	GlobalSection(ExtensibilityGlobals) = postSolution
		SolutionGuid = {649E4579-4A61-412D-98ED-1A50AD117E23}
	EndGlobalSection
EndGlobal
